
Microsoft Visual Studio Solution File, Format Version 12.00
# Visual Studio 15
VisualStudioVersion = 15.0.28307.572
MinimumVisualStudioVersion = 10.0.40219.1
Project("{FAE04EC0-301F-11D3-BF4B-00C04F79EFBC}") = "ButikKafe", "ButikKafe\ButikKafe.csproj", "{43821360-1D61-4DFF-8C52-C626FBB5A83F}"
EndProject
Project("{FAE04EC0-301F-11D3-BF4B-00C04F79EFBC}") = "ButikKafe.Data", "ButikKafe.Data\ButikKafe.Data.csproj", "{3B36F1B8-B87A-49C0-A32A-22B91CBBD798}"
EndProject
Global
	GlobalSection(SolutionConfigurationPlatforms) = preSolution
		Debug|Any CPU = Debug|Any CPU
		Release|Any CPU = Release|Any CPU
	EndGlobalSection
	GlobalSection(ProjectConfigurationPlatforms) = postSolution
		{43821360-1D61-4DFF-8C52-C626FBB5A83F}.Debug|Any CPU.ActiveCfg = Debug|Any CPU
		{43821360-1D61-4DFF-8C52-C626FBB5A83F}.Debug|Any CPU.Build.0 = Debug|Any CPU
		{43821360-1D61-4DFF-8C52-C626FBB5A83F}.Release|Any CPU.ActiveCfg = Release|Any CPU
		{43821360-1D61-4DFF-8C52-C626FBB5A83F}.Release|Any CPU.Build.0 = Release|Any CPU
		{3B36F1B8-B87A-49C0-A32A-22B91CBBD798}.Debug|Any CPU.ActiveCfg = Debug|Any CPU
		{3B36F1B8-B87A-49C0-A32A-22B91CBBD798}.Debug|Any CPU.Build.0 = Debug|Any CPU
		{3B36F1B8-B87A-49C0-A32A-22B91CBBD798}.Release|Any CPU.ActiveCfg = Release|Any CPU
		{3B36F1B8-B87A-49C0-A32A-22B91CBBD798}.Release|Any CPU.Build.0 = Release|Any CPU
	EndGlobalSection
	GlobalSection(SolutionProperties) = preSolution
		HideSolutionNode = FALSE
	EndGlobalSection
	GlobalSection(ExtensibilityGlobals) = postSolution
		SolutionGuid = {B5207777-7D8D-4993-9501-9B8E06BEFC48}
	EndGlobalSection
EndGlobal
